
Microsoft Visual Studio Solution File, Format Version 12.00
# Visual Studio Version 17
VisualStudioVersion = 17.5.33414.496
MinimumVisualStudioVersion = 10.0.40219.1
Project("{FAE04EC0-301F-11D3-BF4B-00C04F79EFBC}") = "CalculatorLib", "CalculatorLib\CalculatorLib.csproj", "{3ED93A0F-F31A-484F-84BB-C2011B446B60}"
EndProject
Project("{FAE04EC0-301F-11D3-BF4B-00C04F79EFBC}") = "CalculatorLib.Test", "CalculatorLib.Test\CalculatorLib.Test.csproj", "{AB649397-5A45-44EA-AE68-84B31C1DE66D}"
EndProject
Global
	GlobalSection(SolutionConfigurationPlatforms) = preSolution
		Debug|Any CPU = Debug|Any CPU
		Release|Any CPU = Release|Any CPU
	EndGlobalSection
	GlobalSection(ProjectConfigurationPlatforms) = postSolution
		{3ED93A0F-F31A-484F-84BB-C2011B446B60}.Debug|Any CPU.ActiveCfg = Debug|Any CPU
		{3ED93A0F-F31A-484F-84BB-C2011B446B60}.Debug|Any CPU.Build.0 = Debug|Any CPU
		{3ED93A0F-F31A-484F-84BB-C2011B446B60}.Release|Any CPU.ActiveCfg = Release|Any CPU
		{3ED93A0F-F31A-484F-84BB-C2011B446B60}.Release|Any CPU.Build.0 = Release|Any CPU
		{AB649397-5A45-44EA-AE68-84B31C1DE66D}.Debug|Any CPU.ActiveCfg = Debug|Any CPU
		{AB649397-5A45-44EA-AE68-84B31C1DE66D}.Debug|Any CPU.Build.0 = Debug|Any CPU
		{AB649397-5A45-44EA-AE68-84B31C1DE66D}.Release|Any CPU.ActiveCfg = Release|Any CPU
		{AB649397-5A45-44EA-AE68-84B31C1DE66D}.Release|Any CPU.Build.0 = Release|Any CPU
	EndGlobalSection
	GlobalSection(SolutionProperties) = preSolution
		HideSolutionNode = FALSE
	EndGlobalSection
	GlobalSection(ExtensibilityGlobals) = postSolution
		SolutionGuid = {83BD8C39-D24D-4E9A-9B3C-18DD5DF79B97}
	EndGlobalSection
EndGlobal
